// !$*UTF8*$!
{
	archiveVersion = 1;
	classes = {
	};
	objectVersion = 56;
	objects = {

/* Begin PBXBuildFile section */
		040B710728F5173B004932D2 /* AppDelegate.swift in Sources */ = {isa = PBXBuildFile; fileRef = 040B710628F5173B004932D2 /* AppDelegate.swift */; };
		040B710928F5173B004932D2 /* SceneDelegate.swift in Sources */ = {isa = PBXBuildFile; fileRef = 040B710828F5173B004932D2 /* SceneDelegate.swift */; };
		040B710E28F5173B004932D2 /* Main.storyboard in Resources */ = {isa = PBXBuildFile; fileRef = 040B710C28F5173B004932D2 /* Main.storyboard */; };
		040B711028F5173C004932D2 /* Assets.xcassets in Resources */ = {isa = PBXBuildFile; fileRef = 040B710F28F5173C004932D2 /* Assets.xcassets */; };
		040B711328F5173C004932D2 /* LaunchScreen.storyboard in Resources */ = {isa = PBXBuildFile; fileRef = 040B711128F5173C004932D2 /* LaunchScreen.storyboard */; };
		040B711E28F5173D004932D2 /* ParstagramOneTests.swift in Sources */ = {isa = PBXBuildFile; fileRef = 040B711D28F5173D004932D2 /* ParstagramOneTests.swift */; };
		040B712828F5173D004932D2 /* ParstagramOneUITests.swift in Sources */ = {isa = PBXBuildFile; fileRef = 040B712728F5173D004932D2 /* ParstagramOneUITests.swift */; };
		040B712A28F5173D004932D2 /* ParstagramOneUITestsLaunchTests.swift in Sources */ = {isa = PBXBuildFile; fileRef = 040B712928F5173D004932D2 /* ParstagramOneUITestsLaunchTests.swift */; };
		040B713728F63907004932D2 /* LoginViewController.swift in Sources */ = {isa = PBXBuildFile; fileRef = 040B713628F63907004932D2 /* LoginViewController.swift */; };
		040B713928F6392C004932D2 /* FeedViewController.swift in Sources */ = {isa = PBXBuildFile; fileRef = 040B713828F6392C004932D2 /* FeedViewController.swift */; };
		040B713B28F64889004932D2 /* CamaraViewController.swift in Sources */ = {isa = PBXBuildFile; fileRef = 040B713A28F64889004932D2 /* CamaraViewController.swift */; };
		042EF1FA28F66C72005C0521 /* PostCell.swift in Sources */ = {isa = PBXBuildFile; fileRef = 042EF1F928F66C72005C0521 /* PostCell.swift */; };
		300C501DA03AD9F281208B5D /* Pods_ParstagramOne.framework in Frameworks */ = {isa = PBXBuildFile; fileRef = C4CA22454738CB138CBF8F6D /* Pods_ParstagramOne.framework */; };
		69DAF5808A5E7FE30D1F176C /* Pods_ParstagramOne_ParstagramOneUITests.framework in Frameworks */ = {isa = PBXBuildFile; fileRef = FDAC872CF95ACC4E01CA90C6 /* Pods_ParstagramOne_ParstagramOneUITests.framework */; };
		A2725099AE759CCE70D0F2FB /* Pods_ParstagramOneTests.framework in Frameworks */ = {isa = PBXBuildFile; fileRef = EE934ADCF798A2A2CC59E67C /* Pods_ParstagramOneTests.framework */; };
/* End PBXBuildFile section */

/* Begin PBXContainerItemProxy section */
		040B711A28F5173D004932D2 /* PBXContainerItemProxy */ = {
			isa = PBXContainerItemProxy;
			containerPortal = 040B70FB28F5173B004932D2 /* Project object */;
			proxyType = 1;
			remoteGlobalIDString = 040B710228F5173B004932D2;
			remoteInfo = ParstagramOne;
		};
		040B712428F5173D004932D2 /* PBXContainerItemProxy */ = {
			isa = PBXContainerItemProxy;
			containerPortal = 040B70FB28F5173B004932D2 /* Project object */;
			proxyType = 1;
			remoteGlobalIDString = 040B710228F5173B004932D2;
			remoteInfo = ParstagramOne;
		};
/* End PBXContainerItemProxy section */

/* Begin PBXFileReference section */
		040B710328F5173B004932D2 /* ParstagramOne.app */ = {isa = PBXFileReference; explicitFileType = wrapper.application; includeInIndex = 0; path = ParstagramOne.app; sourceTree = BUILT_PRODUCTS_DIR; };
		040B710628F5173B004932D2 /* AppDelegate.swift */ = {isa = PBXFileReference; lastKnownFileType = sourcecode.swift; path = AppDelegate.swift; sourceTree = "<group>"; };
		040B710828F5173B004932D2 /* SceneDelegate.swift */ = {isa = PBXFileReference; lastKnownFileType = sourcecode.swift; path = SceneDelegate.swift; sourceTree = "<group>"; };
		040B710D28F5173B004932D2 /* Base */ = {isa = PBXFileReference; lastKnownFileType = file.storyboard; name = Base; path = Base.lproj/Main.storyboard; sourceTree = "<group>"; };
		040B710F28F5173C004932D2 /* Assets.xcassets */ = {isa = PBXFileReference; lastKnownFileType = folder.assetcatalog; path = Assets.xcassets; sourceTree = "<group>"; };
		040B711228F5173C004932D2 /* Base */ = {isa = PBXFileReference; lastKnownFileType = file.storyboard; name = Base; path = Base.lproj/LaunchScreen.storyboard; sourceTree = "<group>"; };
		040B711428F5173C004932D2 /* Info.plist */ = {isa = PBXFileReference; lastKnownFileType = text.plist.xml; path = Info.plist; sourceTree = "<group>"; };
		040B711928F5173D004932D2 /* ParstagramOneTests.xctest */ = {isa = PBXFileReference; explicitFileType = wrapper.cfbundle; includeInIndex = 0; path = ParstagramOneTests.xctest; sourceTree = BUILT_PRODUCTS_DIR; };
		040B711D28F5173D004932D2 /* ParstagramOneTests.swift */ = {isa = PBXFileReference; lastKnownFileType = sourcecode.swift; path = ParstagramOneTests.swift; sourceTree = "<group>"; };
		040B712328F5173D004932D2 /* ParstagramOneUITests.xctest */ = {isa = PBXFileReference; explicitFileType = wrapper.cfbundle; includeInIndex = 0; path = ParstagramOneUITests.xctest; sourceTree = BUILT_PRODUCTS_DIR; };
		040B712728F5173D004932D2 /* ParstagramOneUITests.swift */ = {isa = PBXFileReference; lastKnownFileType = sourcecode.swift; path = ParstagramOneUITests.swift; sourceTree = "<group>"; };
		040B712928F5173D004932D2 /* ParstagramOneUITestsLaunchTests.swift */ = {isa = PBXFileReference; lastKnownFileType = sourcecode.swift; path = ParstagramOneUITestsLaunchTests.swift; sourceTree = "<group>"; };
		040B713628F63907004932D2 /* LoginViewController.swift */ = {isa = PBXFileReference; lastKnownFileType = sourcecode.swift; path = LoginViewController.swift; sourceTree = "<group>"; };
		040B713828F6392C004932D2 /* FeedViewController.swift */ = {isa = PBXFileReference; lastKnownFileType = sourcecode.swift; path = FeedViewController.swift; sourceTree = "<group>"; };
		040B713A28F64889004932D2 /* CamaraViewController.swift */ = {isa = PBXFileReference; lastKnownFileType = sourcecode.swift; path = CamaraViewController.swift; sourceTree = "<group>"; };
		042EF1F928F66C72005C0521 /* PostCell.swift */ = {isa = PBXFileReference; lastKnownFileType = sourcecode.swift; path = PostCell.swift; sourceTree = "<group>"; };
		7B0084A4C83E301EC9E8620F /* Pods-ParstagramOneTests.debug.xcconfig */ = {isa = PBXFileReference; includeInIndex = 1; lastKnownFileType = text.xcconfig; name = "Pods-ParstagramOneTests.debug.xcconfig"; path = "Target Support Files/Pods-ParstagramOneTests/Pods-ParstagramOneTests.debug.xcconfig"; sourceTree = "<group>"; };
		886D6B6D5C30479EACFF1F06 /* Pods-ParstagramOne.release.xcconfig */ = {isa = PBXFileReference; includeInIndex = 1; lastKnownFileType = text.xcconfig; name = "Pods-ParstagramOne.release.xcconfig"; path = "Target Support Files/Pods-ParstagramOne/Pods-ParstagramOne.release.xcconfig"; sourceTree = "<group>"; };
		89782FC972F5625249B4EA8F /* Pods-ParstagramOne-ParstagramOneUITests.release.xcconfig */ = {isa = PBXFileReference; includeInIndex = 1; lastKnownFileType = text.xcconfig; name = "Pods-ParstagramOne-ParstagramOneUITests.release.xcconfig"; path = "Target Support Files/Pods-ParstagramOne-ParstagramOneUITests/Pods-ParstagramOne-ParstagramOneUITests.release.xcconfig"; sourceTree = "<group>"; };
		A4B2B2A6D42321B146C460AF /* Pods-ParstagramOneTests.release.xcconfig */ = {isa = PBXFileReference; includeInIndex = 1; lastKnownFileType = text.xcconfig; name = "Pods-ParstagramOneTests.release.xcconfig"; path = "Target Support Files/Pods-ParstagramOneTests/Pods-ParstagramOneTests.release.xcconfig"; sourceTree = "<group>"; };
		AD0E345514C19A65B72A0EA2 /* Pods-ParstagramOne-ParstagramOneUITests.debug.xcconfig */ = {isa = PBXFileReference; includeInIndex = 1; lastKnownFileType = text.xcconfig; name = "Pods-ParstagramOne-ParstagramOneUITests.debug.xcconfig"; path = "Target Support Files/Pods-ParstagramOne-ParstagramOneUITests/Pods-ParstagramOne-ParstagramOneUITests.debug.xcconfig"; sourceTree = "<group>"; };
		C4CA22454738CB138CBF8F6D /* Pods_ParstagramOne.framework */ = {isa = PBXFileReference; explicitFileType = wrapper.framework; includeInIndex = 0; path = Pods_ParstagramOne.framework; sourceTree = BUILT_PRODUCTS_DIR; };
		EE5574B334158096F200FE00 /* Pods-ParstagramOne.debug.xcconfig */ = {isa = PBXFileReference; includeInIndex = 1; lastKnownFileType = text.xcconfig; name = "Pods-ParstagramOne.debug.xcconfig"; path = "Target Support Files/Pods-ParstagramOne/Pods-ParstagramOne.debug.xcconfig"; sourceTree = "<group>"; };
		EE934ADCF798A2A2CC59E67C /* Pods_ParstagramOneTests.framework */ = {isa = PBXFileReference; explicitFileType = wrapper.framework; includeInIndex = 0; path = Pods_ParstagramOneTests.framework; sourceTree = BUILT_PRODUCTS_DIR; };
		FDAC872CF95ACC4E01CA90C6 /* Pods_ParstagramOne_ParstagramOneUITests.framework */ = {isa = PBXFileReference; explicitFileType = wrapper.framework; includeInIndex = 0; path = Pods_ParstagramOne_ParstagramOneUITests.framework; sourceTree = BUILT_PRODUCTS_DIR; };
/* End PBXFileReference section */

/* Begin PBXFrameworksBuildPhase section */
		040B710028F5173B004932D2 /* Frameworks */ = {
			isa = PBXFrameworksBuildPhase;
			buildActionMask = 2147483647;
			files = (
				300C501DA03AD9F281208B5D /* Pods_ParstagramOne.framework in Frameworks */,
			);
			runOnlyForDeploymentPostprocessing = 0;
		};
		040B711628F5173D004932D2 /* Frameworks */ = {
			isa = PBXFrameworksBuildPhase;
			buildActionMask = 2147483647;
			files = (
				A2725099AE759CCE70D0F2FB /* Pods_ParstagramOneTests.framework in Frameworks */,
			);
			runOnlyForDeploymentPostprocessing = 0;
		};
		040B712028F5173D004932D2 /* Frameworks */ = {
			isa = PBXFrameworksBuildPhase;
			buildActionMask = 2147483647;
			files = (
				69DAF5808A5E7FE30D1F176C /* Pods_ParstagramOne_ParstagramOneUITests.framework in Frameworks */,
			);
			runOnlyForDeploymentPostprocessing = 0;
		};
/* End PBXFrameworksBuildPhase section */

/* Begin PBXGroup section */
		040B70FA28F5173B004932D2 = {
			isa = PBXGroup;
			children = (
				040B710528F5173B004932D2 /* ParstagramOne */,
				040B711C28F5173D004932D2 /* ParstagramOneTests */,
				040B712628F5173D004932D2 /* ParstagramOneUITests */,
				040B710428F5173B004932D2 /* Products */,
				493D890B255BCDB22199F324 /* Pods */,
				A807BBAB0CAC92F548490EC0 /* Frameworks */,
			);
			sourceTree = "<group>";
		};
		040B710428F5173B004932D2 /* Products */ = {
			isa = PBXGroup;
			children = (
				040B710328F5173B004932D2 /* ParstagramOne.app */,
				040B711928F5173D004932D2 /* ParstagramOneTests.xctest */,
				040B712328F5173D004932D2 /* ParstagramOneUITests.xctest */,
			);
			name = Products;
			sourceTree = "<group>";
		};
		040B710528F5173B004932D2 /* ParstagramOne */ = {
			isa = PBXGroup;
			children = (
				040B710628F5173B004932D2 /* AppDelegate.swift */,
				040B710828F5173B004932D2 /* SceneDelegate.swift */,
				040B710C28F5173B004932D2 /* Main.storyboard */,
				040B710F28F5173C004932D2 /* Assets.xcassets */,
				040B711128F5173C004932D2 /* LaunchScreen.storyboard */,
				040B711428F5173C004932D2 /* Info.plist */,
				040B713628F63907004932D2 /* LoginViewController.swift */,
				040B713828F6392C004932D2 /* FeedViewController.swift */,
				040B713A28F64889004932D2 /* CamaraViewController.swift */,
				042EF1F928F66C72005C0521 /* PostCell.swift */,
			);
			path = ParstagramOne;
			sourceTree = "<group>";
		};
		040B711C28F5173D004932D2 /* ParstagramOneTests */ = {
			isa = PBXGroup;
			children = (
				040B711D28F5173D004932D2 /* ParstagramOneTests.swift */,
			);
			path = ParstagramOneTests;
			sourceTree = "<group>";
		};
		040B712628F5173D004932D2 /* ParstagramOneUITests */ = {
			isa = PBXGroup;
			children = (
				040B712728F5173D004932D2 /* ParstagramOneUITests.swift */,
				040B712928F5173D004932D2 /* ParstagramOneUITestsLaunchTests.swift */,
			);
			path = ParstagramOneUITests;
			sourceTree = "<group>";
		};
		493D890B255BCDB22199F324 /* Pods */ = {
			isa = PBXGroup;
			children = (
				EE5574B334158096F200FE00 /* Pods-ParstagramOne.debug.xcconfig */,
				886D6B6D5C30479EACFF1F06 /* Pods-ParstagramOne.release.xcconfig */,
				AD0E345514C19A65B72A0EA2 /* Pods-ParstagramOne-ParstagramOneUITests.debug.xcconfig */,
				89782FC972F5625249B4EA8F /* Pods-ParstagramOne-ParstagramOneUITests.release.xcconfig */,
				7B0084A4C83E301EC9E8620F /* Pods-ParstagramOneTests.debug.xcconfig */,
				A4B2B2A6D42321B146C460AF /* Pods-ParstagramOneTests.release.xcconfig */,
			);
			path = Pods;
			sourceTree = "<group>";
		};
		A807BBAB0CAC92F548490EC0 /* Frameworks */ = {
			isa = PBXGroup;
			children = (
				C4CA22454738CB138CBF8F6D /* Pods_ParstagramOne.framework */,
				FDAC872CF95ACC4E01CA90C6 /* Pods_ParstagramOne_ParstagramOneUITests.framework */,
				EE934ADCF798A2A2CC59E67C /* Pods_ParstagramOneTests.framework */,
			);
			name = Frameworks;
			sourceTree = "<group>";
		};
/* End PBXGroup section */

/* Begin PBXNativeTarget section */
		040B710228F5173B004932D2 /* ParstagramOne */ = {
			isa = PBXNativeTarget;
			buildConfigurationList = 040B712D28F5173D004932D2 /* Build configuration list for PBXNativeTarget "ParstagramOne" */;
			buildPhases = (
				703583974C2EEABD9E16C0F0 /* [CP] Check Pods Manifest.lock */,
				040B70FF28F5173B004932D2 /* Sources */,
				040B710028F5173B004932D2 /* Frameworks */,
				040B710128F5173B004932D2 /* Resources */,
				ABCFEE446117DC85A7454A99 /* [CP] Embed Pods Frameworks */,
			);
			buildRules = (
			);
			dependencies = (
			);
			name = ParstagramOne;
			productName = ParstagramOne;
			productReference = 040B710328F5173B004932D2 /* ParstagramOne.app */;
			productType = "com.apple.product-type.application";
		};
		040B711828F5173D004932D2 /* ParstagramOneTests */ = {
			isa = PBXNativeTarget;
			buildConfigurationList = 040B713028F5173D004932D2 /* Build configuration list for PBXNativeTarget "ParstagramOneTests" */;
			buildPhases = (
				F718CFE6DD452A145F5250AA /* [CP] Check Pods Manifest.lock */,
				040B711528F5173D004932D2 /* Sources */,
				040B711628F5173D004932D2 /* Frameworks */,
				040B711728F5173D004932D2 /* Resources */,
			);
			buildRules = (
			);
			dependencies = (
				040B711B28F5173D004932D2 /* PBXTargetDependency */,
			);
			name = ParstagramOneTests;
			productName = ParstagramOneTests;
			productReference = 040B711928F5173D004932D2 /* ParstagramOneTests.xctest */;
			productType = "com.apple.product-type.bundle.unit-test";
		};
		040B712228F5173D004932D2 /* ParstagramOneUITests */ = {
			isa = PBXNativeTarget;
			buildConfigurationList = 040B713328F5173D004932D2 /* Build configuration list for PBXNativeTarget "ParstagramOneUITests" */;
			buildPhases = (
				3767E9FF3C4A9415344EC6FC /* [CP] Check Pods Manifest.lock */,
				040B711F28F5173D004932D2 /* Sources */,
				040B712028F5173D004932D2 /* Frameworks */,
				040B712128F5173D004932D2 /* Resources */,
				EEBFAF287CAC1DE5518CF7EB /* [CP] Embed Pods Frameworks */,
			);
			buildRules = (
			);
			dependencies = (
				040B712528F5173D004932D2 /* PBXTargetDependency */,
			);
			name = ParstagramOneUITests;
			productName = ParstagramOneUITests;
			productReference = 040B712328F5173D004932D2 /* ParstagramOneUITests.xctest */;
			productType = "com.apple.product-type.bundle.ui-testing";
		};
/* End PBXNativeTarget section */

/* Begin PBXProject section */
		040B70FB28F5173B004932D2 /* Project object */ = {
			isa = PBXProject;
			attributes = {
				BuildIndependentTargetsInParallel = 1;
				LastSwiftUpdateCheck = 1400;
				LastUpgradeCheck = 1400;
				TargetAttributes = {
					040B710228F5173B004932D2 = {
						CreatedOnToolsVersion = 14.0.1;
					};
					040B711828F5173D004932D2 = {
						CreatedOnToolsVersion = 14.0.1;
						TestTargetID = 040B710228F5173B004932D2;
					};
					040B712228F5173D004932D2 = {
						CreatedOnToolsVersion = 14.0.1;
						TestTargetID = 040B710228F5173B004932D2;
					};
				};
			};
			buildConfigurationList = 040B70FE28F5173B004932D2 /* Build configuration list for PBXProject "ParstagramOne" */;
			compatibilityVersion = "Xcode 14.0";
			developmentRegion = en;
			hasScannedForEncodings = 0;
			knownRegions = (
				en,
				Base,
			);
			mainGroup = 040B70FA28F5173B004932D2;
			productRefGroup = 040B710428F5173B004932D2 /* Products */;
			projectDirPath = "";
			projectRoot = "";
			targets = (
				040B710228F5173B004932D2 /* ParstagramOne */,
				040B711828F5173D004932D2 /* ParstagramOneTests */,
				040B712228F5173D004932D2 /* ParstagramOneUITests */,
			);
		};
/* End PBXProject section */

/* Begin PBXResourcesBuildPhase section */
		040B710128F5173B004932D2 /* Resources */ = {
			isa = PBXResourcesBuildPhase;
			buildActionMask = 2147483647;
			files = (
				040B711328F5173C004932D2 /* LaunchScreen.storyboard in Resources */,
				040B711028F5173C004932D2 /* Assets.xcassets in Resources */,
				040B710E28F5173B004932D2 /* Main.storyboard in Resources */,
			);
			runOnlyForDeploymentPostprocessing = 0;
		};
		040B711728F5173D004932D2 /* Resources */ = {
			isa = PBXResourcesBuildPhase;
			buildActionMask = 2147483647;
			files = (
			);
			runOnlyForDeploymentPostprocessing = 0;
		};
		040B712128F5173D004932D2 /* Resources */ = {
			isa = PBXResourcesBuildPhase;
			buildActionMask = 2147483647;
			files = (
			);
			runOnlyForDeploymentPostprocessing = 0;
		};
/* End PBXResourcesBuildPhase section */

/* Begin PBXShellScriptBuildPhase section */
		3767E9FF3C4A9415344EC6FC /* [CP] Check Pods Manifest.lock */ = {
			isa = PBXShellScriptBuildPhase;
			buildActionMask = 2147483647;
			files = (
			);
			inputFileListPaths = (
			);
			inputPaths = (
				"${PODS_PODFILE_DIR_PATH}/Podfile.lock",
				"${PODS_ROOT}/Manifest.lock",
			);
			name = "[CP] Check Pods Manifest.lock";
			outputFileListPaths = (
			);
			outputPaths = (
				"$(DERIVED_FILE_DIR)/Pods-ParstagramOne-ParstagramOneUITests-checkManifestLockResult.txt",
			);
			runOnlyForDeploymentPostprocessing = 0;
			shellPath = /bin/sh;
			shellScript = "diff \"${PODS_PODFILE_DIR_PATH}/Podfile.lock\" \"${PODS_ROOT}/Manifest.lock\" > /dev/null\nif [ $? != 0 ] ; then\n    # print error to STDERR\n    echo \"error: The sandbox is not in sync with the Podfile.lock. Run 'pod install' or update your CocoaPods installation.\" >&2\n    exit 1\nfi\n# This output is used by Xcode 'outputs' to avoid re-running this script phase.\necho \"SUCCESS\" > \"${SCRIPT_OUTPUT_FILE_0}\"\n";
			showEnvVarsInLog = 0;
		};
		703583974C2EEABD9E16C0F0 /* [CP] Check Pods Manifest.lock */ = {
			isa = PBXShellScriptBuildPhase;
			buildActionMask = 2147483647;
			files = (
			);
			inputFileListPaths = (
			);
			inputPaths = (
				"${PODS_PODFILE_DIR_PATH}/Podfile.lock",
				"${PODS_ROOT}/Manifest.lock",
			);
			name = "[CP] Check Pods Manifest.lock";
			outputFileListPaths = (
			);
			outputPaths = (
				"$(DERIVED_FILE_DIR)/Pods-ParstagramOne-checkManifestLockResult.txt",
			);
			runOnlyForDeploymentPostprocessing = 0;
			shellPath = /bin/sh;
			shellScript = "diff \"${PODS_PODFILE_DIR_PATH}/Podfile.lock\" \"${PODS_ROOT}/Manifest.lock\" > /dev/null\nif [ $? != 0 ] ; then\n    # print error to STDERR\n    echo \"error: The sandbox is not in sync with the Podfile.lock. Run 'pod install' or update your CocoaPods installation.\" >&2\n    exit 1\nfi\n# This output is used by Xcode 'outputs' to avoid re-running this script phase.\necho \"SUCCESS\" > \"${SCRIPT_OUTPUT_FILE_0}\"\n";
			showEnvVarsInLog = 0;
		};
		ABCFEE446117DC85A7454A99 /* [CP] Embed Pods Frameworks */ = {
			isa = PBXShellScriptBuildPhase;
			buildActionMask = 2147483647;
			files = (
			);
			inputFileListPaths = (
				"${PODS_ROOT}/Target Support Files/Pods-ParstagramOne/Pods-ParstagramOne-frameworks-${CONFIGURATION}-input-files.xcfilelist",
			);
			name = "[CP] Embed Pods Frameworks";
			outputFileListPaths = (
				"${PODS_ROOT}/Target Support Files/Pods-ParstagramOne/Pods-ParstagramOne-frameworks-${CONFIGURATION}-output-files.xcfilelist",
			);
			runOnlyForDeploymentPostprocessing = 0;
			shellPath = /bin/sh;
			shellScript = "\"${PODS_ROOT}/Target Support Files/Pods-ParstagramOne/Pods-ParstagramOne-frameworks.sh\"\n";
			showEnvVarsInLog = 0;
		};
		EEBFAF287CAC1DE5518CF7EB /* [CP] Embed Pods Frameworks */ = {
			isa = PBXShellScriptBuildPhase;
			buildActionMask = 2147483647;
			files = (
			);
			inputFileListPaths = (
				"${PODS_ROOT}/Target Support Files/Pods-ParstagramOne-ParstagramOneUITests/Pods-ParstagramOne-ParstagramOneUITests-frameworks-${CONFIGURATION}-input-files.xcfilelist",
			);
			name = "[CP] Embed Pods Frameworks";
			outputFileListPaths = (
				"${PODS_ROOT}/Target Support Files/Pods-ParstagramOne-ParstagramOneUITests/Pods-ParstagramOne-ParstagramOneUITests-frameworks-${CONFIGURATION}-output-files.xcfilelist",
			);
			runOnlyForDeploymentPostprocessing = 0;
			shellPath = /bin/sh;
			shellScript = "\"${PODS_ROOT}/Target Support Files/Pods-ParstagramOne-ParstagramOneUITests/Pods-ParstagramOne-ParstagramOneUITests-frameworks.sh\"\n";
			showEnvVarsInLog = 0;
		};
		F718CFE6DD452A145F5250AA /* [CP] Check Pods Manifest.lock */ = {
			isa = PBXShellScriptBuildPhase;
			buildActionMask = 2147483647;
			files = (
			);
			inputFileListPaths = (
			);
			inputPaths = (
				"${PODS_PODFILE_DIR_PATH}/Podfile.lock",
				"${PODS_ROOT}/Manifest.lock",
			);
			name = "[CP] Check Pods Manifest.lock";
			outputFileListPaths = (
			);
			outputPaths = (
				"$(DERIVED_FILE_DIR)/Pods-ParstagramOneTests-checkManifestLockResult.txt",
			);
			runOnlyForDeploymentPostprocessing = 0;
			shellPath = /bin/sh;
			shellScript = "diff \"${PODS_PODFILE_DIR_PATH}/Podfile.lock\" \"${PODS_ROOT}/Manifest.lock\" > /dev/null\nif [ $? != 0 ] ; then\n    # print error to STDERR\n    echo \"error: The sandbox is not in sync with the Podfile.lock. Run 'pod install' or update your CocoaPods installation.\" >&2\n    exit 1\nfi\n# This output is used by Xcode 'outputs' to avoid re-running this script phase.\necho \"SUCCESS\" > \"${SCRIPT_OUTPUT_FILE_0}\"\n";
			showEnvVarsInLog = 0;
		};
/* End PBXShellScriptBuildPhase section */

/* Begin PBXSourcesBuildPhase section */
		040B70FF28F5173B004932D2 /* Sources */ = {
			isa = PBXSourcesBuildPhase;
			buildActionMask = 2147483647;
			files = (
				040B713B28F64889004932D2 /* CamaraViewController.swift in Sources */,
				040B713728F63907004932D2 /* LoginViewController.swift in Sources */,
				040B710728F5173B004932D2 /* AppDelegate.swift in Sources */,
				040B713928F6392C004932D2 /* FeedViewController.swift in Sources */,
				040B710928F5173B004932D2 /* SceneDelegate.swift in Sources */,
				042EF1FA28F66C72005C0521 /* PostCell.swift in Sources */,
			);
			runOnlyForDeploymentPostprocessing = 0;
		};
		040B711528F5173D004932D2 /* Sources */ = {
			isa = PBXSourcesBuildPhase;
			buildActionMask = 2147483647;
			files = (
				040B711E28F5173D004932D2 /* ParstagramOneTests.swift in Sources */,
			);
			runOnlyForDeploymentPostprocessing = 0;
		};
		040B711F28F5173D004932D2 /* Sources */ = {
			isa = PBXSourcesBuildPhase;
			buildActionMask = 2147483647;
			files = (
				040B712828F5173D004932D2 /* ParstagramOneUITests.swift in Sources */,
				040B712A28F5173D004932D2 /* ParstagramOneUITestsLaunchTests.swift in Sources */,
			);
			runOnlyForDeploymentPostprocessing = 0;
		};
/* End PBXSourcesBuildPhase section */

/* Begin PBXTargetDependency section */
		040B711B28F5173D004932D2 /* PBXTargetDependency */ = {
			isa = PBXTargetDependency;
			target = 040B710228F5173B004932D2 /* ParstagramOne */;
			targetProxy = 040B711A28F5173D004932D2 /* PBXContainerItemProxy */;
		};
		040B712528F5173D004932D2 /* PBXTargetDependency */ = {
			isa = PBXTargetDependency;
			target = 040B710228F5173B004932D2 /* ParstagramOne */;
			targetProxy = 040B712428F5173D004932D2 /* PBXContainerItemProxy */;
		};
/* End PBXTargetDependency section */

/* Begin PBXVariantGroup section */
		040B710C28F5173B004932D2 /* Main.storyboard */ = {
			isa = PBXVariantGroup;
			children = (
				040B710D28F5173B004932D2 /* Base */,
			);
			name = Main.storyboard;
			sourceTree = "<group>";
		};
		040B711128F5173C004932D2 /* LaunchScreen.storyboard */ = {
			isa = PBXVariantGroup;
			children = (
				040B711228F5173C004932D2 /* Base */,
			);
			name = LaunchScreen.storyboard;
			sourceTree = "<group>";
		};
/* End PBXVariantGroup section */

/* Begin XCBuildConfiguration section */
		040B712B28F5173D004932D2 /* Debug */ = {
			isa = XCBuildConfiguration;
			buildSettings = {
				ALWAYS_SEARCH_USER_PATHS = NO;
				CLANG_ANALYZER_NONNULL = YES;
				CLANG_ANALYZER_NUMBER_OBJECT_CONVERSION = YES_AGGRESSIVE;
				CLANG_CXX_LANGUAGE_STANDARD = "gnu++20";
				CLANG_ENABLE_MODULES = YES;
				CLANG_ENABLE_OBJC_ARC = YES;
				CLANG_ENABLE_OBJC_WEAK = YES;
				CLANG_WARN_BLOCK_CAPTURE_AUTORELEASING = YES;
				CLANG_WARN_BOOL_CONVERSION = YES;
				CLANG_WARN_COMMA = YES;
				CLANG_WARN_CONSTANT_CONVERSION = YES;
				CLANG_WARN_DEPRECATED_OBJC_IMPLEMENTATIONS = YES;
				CLANG_WARN_DIRECT_OBJC_ISA_USAGE = YES_ERROR;
				CLANG_WARN_DOCUMENTATION_COMMENTS = YES;
				CLANG_WARN_EMPTY_BODY = YES;
				CLANG_WARN_ENUM_CONVERSION = YES;
				CLANG_WARN_INFINITE_RECURSION = YES;
				CLANG_WARN_INT_CONVERSION = YES;
				CLANG_WARN_NON_LITERAL_NULL_CONVERSION = YES;
				CLANG_WARN_OBJC_IMPLICIT_RETAIN_SELF = YES;
				CLANG_WARN_OBJC_LITERAL_CONVERSION = YES;
				CLANG_WARN_OBJC_ROOT_CLASS = YES_ERROR;
				CLANG_WARN_QUOTED_INCLUDE_IN_FRAMEWORK_HEADER = YES;
				CLANG_WARN_RANGE_LOOP_ANALYSIS = YES;
				CLANG_WARN_STRICT_PROTOTYPES = YES;
				CLANG_WARN_SUSPICIOUS_MOVE = YES;
				CLANG_WARN_UNGUARDED_AVAILABILITY = YES_AGGRESSIVE;
				CLANG_WARN_UNREACHABLE_CODE = YES;
				CLANG_WARN__DUPLICATE_METHOD_MATCH = YES;
				COPY_PHASE_STRIP = NO;
				DEBUG_INFORMATION_FORMAT = dwarf;
				ENABLE_STRICT_OBJC_MSGSEND = YES;
				ENABLE_TESTABILITY = YES;
				GCC_C_LANGUAGE_STANDARD = gnu11;
				GCC_DYNAMIC_NO_PIC = NO;
				GCC_NO_COMMON_BLOCKS = YES;
				GCC_OPTIMIZATION_LEVEL = 0;
				GCC_PREPROCESSOR_DEFINITIONS = (
					"DEBUG=1",
					"$(inherited)",
				);
				GCC_WARN_64_TO_32_BIT_CONVERSION = YES;
				GCC_WARN_ABOUT_RETURN_TYPE = YES_ERROR;
				GCC_WARN_UNDECLARED_SELECTOR = YES;
				GCC_WARN_UNINITIALIZED_AUTOS = YES_AGGRESSIVE;
				GCC_WARN_UNUSED_FUNCTION = YES;
				GCC_WARN_UNUSED_VARIABLE = YES;
				IPHONEOS_DEPLOYMENT_TARGET = 16.0;
				MTL_ENABLE_DEBUG_INFO = INCLUDE_SOURCE;
				MTL_FAST_MATH = YES;
				ONLY_ACTIVE_ARCH = YES;
				SDKROOT = iphoneos;
				SWIFT_ACTIVE_COMPILATION_CONDITIONS = DEBUG;
				SWIFT_OPTIMIZATION_LEVEL = "-Onone";
			};
			name = Debug;
		};
		040B712C28F5173D004932D2 /* Release */ = {
			isa = XCBuildConfiguration;
			buildSettings = {
				ALWAYS_SEARCH_USER_PATHS = NO;
				CLANG_ANALYZER_NONNULL = YES;
				CLANG_ANALYZER_NUMBER_OBJECT_CONVERSION = YES_AGGRESSIVE;
				CLANG_CXX_LANGUAGE_STANDARD = "gnu++20";
				CLANG_ENABLE_MODULES = YES;
				CLANG_ENABLE_OBJC_ARC = YES;
				CLANG_ENABLE_OBJC_WEAK = YES;
				CLANG_WARN_BLOCK_CAPTURE_AUTORELEASING = YES;
				CLANG_WARN_BOOL_CONVERSION = YES;
				CLANG_WARN_COMMA = YES;
				CLANG_WARN_CONSTANT_CONVERSION = YES;
				CLANG_WARN_DEPRECATED_OBJC_IMPLEMENTATIONS = YES;
				CLANG_WARN_DIRECT_OBJC_ISA_USAGE = YES_ERROR;
				CLANG_WARN_DOCUMENTATION_COMMENTS = YES;
				CLANG_WARN_EMPTY_BODY = YES;
				CLANG_WARN_ENUM_CONVERSION = YES;
				CLANG_WARN_INFINITE_RECURSION = YES;
				CLANG_WARN_INT_CONVERSION = YES;
				CLANG_WARN_NON_LITERAL_NULL_CONVERSION = YES;
				CLANG_WARN_OBJC_IMPLICIT_RETAIN_SELF = YES;
				CLANG_WARN_OBJC_LITERAL_CONVERSION = YES;
				CLANG_WARN_OBJC_ROOT_CLASS = YES_ERROR;
				CLANG_WARN_QUOTED_INCLUDE_IN_FRAMEWORK_HEADER = YES;
				CLANG_WARN_RANGE_LOOP_ANALYSIS = YES;
				CLANG_WARN_STRICT_PROTOTYPES = YES;
				CLANG_WARN_SUSPICIOUS_MOVE = YES;
				CLANG_WARN_UNGUARDED_AVAILABILITY = YES_AGGRESSIVE;
				CLANG_WARN_UNREACHABLE_CODE = YES;
				CLANG_WARN__DUPLICATE_METHOD_MATCH = YES;
				COPY_PHASE_STRIP = NO;
				DEBUG_INFORMATION_FORMAT = "dwarf-with-dsym";
				ENABLE_NS_ASSERTIONS = NO;
				ENABLE_STRICT_OBJC_MSGSEND = YES;
				GCC_C_LANGUAGE_STANDARD = gnu11;
				GCC_NO_COMMON_BLOCKS = YES;
				GCC_WARN_64_TO_32_BIT_CONVERSION = YES;
				GCC_WARN_ABOUT_RETURN_TYPE = YES_ERROR;
				GCC_WARN_UNDECLARED_SELECTOR = YES;
				GCC_WARN_UNINITIALIZED_AUTOS = YES_AGGRESSIVE;
				GCC_WARN_UNUSED_FUNCTION = YES;
				GCC_WARN_UNUSED_VARIABLE = YES;
				IPHONEOS_DEPLOYMENT_TARGET = 16.0;
				MTL_ENABLE_DEBUG_INFO = NO;
				MTL_FAST_MATH = YES;
				SDKROOT = iphoneos;
				SWIFT_COMPILATION_MODE = wholemodule;
				SWIFT_OPTIMIZATION_LEVEL = "-O";
				VALIDATE_PRODUCT = YES;
			};
			name = Release;
		};
		040B712E28F5173D004932D2 /* Debug */ = {
			isa = XCBuildConfiguration;
			baseConfigurationReference = EE5574B334158096F200FE00 /* Pods-ParstagramOne.debug.xcconfig */;
			buildSettings = {
				ASSETCATALOG_COMPILER_APPICON_NAME = AppIcon;
				ASSETCATALOG_COMPILER_GLOBAL_ACCENT_COLOR_NAME = AccentColor;
				CODE_SIGN_STYLE = Automatic;
				CURRENT_PROJECT_VERSION = 1;
				DEVELOPMENT_TEAM = F7A353UGV2;
				GENERATE_INFOPLIST_FILE = YES;
				INFOPLIST_FILE = ParstagramOne/Info.plist;
				INFOPLIST_KEY_UIApplicationSupportsIndirectInputEvents = YES;
				INFOPLIST_KEY_UILaunchStoryboardName = LaunchScreen;
				INFOPLIST_KEY_UIMainStoryboardFile = Main;
				INFOPLIST_KEY_UISupportedInterfaceOrientations_iPad = "UIInterfaceOrientationPortrait UIInterfaceOrientationPortraitUpsideDown UIInterfaceOrientationLandscapeLeft UIInterfaceOrientationLandscapeRight";
				INFOPLIST_KEY_UISupportedInterfaceOrientations_iPhone = "UIInterfaceOrientationPortrait UIInterfaceOrientationLandscapeLeft UIInterfaceOrientationLandscapeRight";
				LD_RUNPATH_SEARCH_PATHS = (
					"$(inherited)",
					"@executable_path/Frameworks",
				);
				MARKETING_VERSION = 1.0;
				PRODUCT_BUNDLE_IDENTIFIER = com.charireyes.ParstagramOne;
				PRODUCT_NAME = "$(TARGET_NAME)";
				SWIFT_EMIT_LOC_STRINGS = YES;
				SWIFT_VERSION = 5.0;
				TARGETED_DEVICE_FAMILY = "1,2";
			};
			name = Debug;
		};
		040B712F28F5173D004932D2 /* Release */ = {
			isa = XCBuildConfiguration;
			baseConfigurationReference = 886D6B6D5C30479EACFF1F06 /* Pods-ParstagramOne.release.xcconfig */;
			buildSettings = {
				ASSETCATALOG_COMPILER_APPICON_NAME = AppIcon;
				ASSETCATALOG_COMPILER_GLOBAL_ACCENT_COLOR_NAME = AccentColor;
				CODE_SIGN_STYLE = Automatic;
				CURRENT_PROJECT_VERSION = 1;
				DEVELOPMENT_TEAM = F7A353UGV2;
				GENERATE_INFOPLIST_FILE = YES;
				INFOPLIST_FILE = ParstagramOne/Info.plist;
				INFOPLIST_KEY_UIApplicationSupportsIndirectInputEvents = YES;
				INFOPLIST_KEY_UILaunchStoryboardName = LaunchScreen;
				INFOPLIST_KEY_UIMainStoryboardFile = Main;
				INFOPLIST_KEY_UISupportedInterfaceOrientations_iPad = "UIInterfaceOrientationPortrait UIInterfaceOrientationPortraitUpsideDown UIInterfaceOrientationLandscapeLeft UIInterfaceOrientationLandscapeRight";
				INFOPLIST_KEY_UISupportedInterfaceOrientations_iPhone = "UIInterfaceOrientationPortrait UIInterfaceOrientationLandscapeLeft UIInterfaceOrientationLandscapeRight";
				LD_RUNPATH_SEARCH_PATHS = (
					"$(inherited)",
					"@executable_path/Frameworks",
				);
				MARKETING_VERSION = 1.0;
				PRODUCT_BUNDLE_IDENTIFIER = com.charireyes.ParstagramOne;
				PRODUCT_NAME = "$(TARGET_NAME)";
				SWIFT_EMIT_LOC_STRINGS = YES;
				SWIFT_VERSION = 5.0;
				TARGETED_DEVICE_FAMILY = "1,2";
			};
			name = Release;
		};
		040B713128F5173D004932D2 /* Debug */ = {
			isa = XCBuildConfiguration;
			baseConfigurationReference = 7B0084A4C83E301EC9E8620F /* Pods-ParstagramOneTests.debug.xcconfig */;
			buildSettings = {
				ALWAYS_EMBED_SWIFT_STANDARD_LIBRARIES = YES;
				BUNDLE_LOADER = "$(TEST_HOST)";
				CODE_SIGN_STYLE = Automatic;
				CURRENT_PROJECT_VERSION = 1;
				DEVELOPMENT_TEAM = F7A353UGV2;
				GENERATE_INFOPLIST_FILE = YES;
				IPHONEOS_DEPLOYMENT_TARGET = 16.0;
				MARKETING_VERSION = 1.0;
				PRODUCT_BUNDLE_IDENTIFIER = com.charireyes.ParstagramOneTests;
				PRODUCT_NAME = "$(TARGET_NAME)";
				SWIFT_EMIT_LOC_STRINGS = NO;
				SWIFT_VERSION = 5.0;
				TARGETED_DEVICE_FAMILY = "1,2";
				TEST_HOST = "$(BUILT_PRODUCTS_DIR)/ParstagramOne.app/$(BUNDLE_EXECUTABLE_FOLDER_PATH)/ParstagramOne";
			};
			name = Debug;
		};
		040B713228F5173D004932D2 /* Release */ = {
			isa = XCBuildConfiguration;
			baseConfigurationReference = A4B2B2A6D42321B146C460AF /* Pods-ParstagramOneTests.release.xcconfig */;
			buildSettings = {
				ALWAYS_EMBED_SWIFT_STANDARD_LIBRARIES = YES;
				BUNDLE_LOADER = "$(TEST_HOST)";
				CODE_SIGN_STYLE = Automatic;
				CURRENT_PROJECT_VERSION = 1;
				DEVELOPMENT_TEAM = F7A353UGV2;
				GENERATE_INFOPLIST_FILE = YES;
				IPHONEOS_DEPLOYMENT_TARGET = 16.0;
				MARKETING_VERSION = 1.0;
				PRODUCT_BUNDLE_IDENTIFIER = com.charireyes.ParstagramOneTests;
				PRODUCT_NAME = "$(TARGET_NAME)";
				SWIFT_EMIT_LOC_STRINGS = NO;
				SWIFT_VERSION = 5.0;
				TARGETED_DEVICE_FAMILY = "1,2";
				TEST_HOST = "$(BUILT_PRODUCTS_DIR)/ParstagramOne.app/$(BUNDLE_EXECUTABLE_FOLDER_PATH)/ParstagramOne";
			};
			name = Release;
		};
		040B713428F5173D004932D2 /* Debug */ = {
			isa = XCBuildConfiguration;
			baseConfigurationReference = AD0E345514C19A65B72A0EA2 /* Pods-ParstagramOne-ParstagramOneUITests.debug.xcconfig */;
			buildSettings = {
				ALWAYS_EMBED_SWIFT_STANDARD_LIBRARIES = YES;
				CODE_SIGN_STYLE = Automatic;
				CURRENT_PROJECT_VERSION = 1;
				DEVELOPMENT_TEAM = F7A353UGV2;
				GENERATE_INFOPLIST_FILE = YES;
				MARKETING_VERSION = 1.0;
				PRODUCT_BUNDLE_IDENTIFIER = com.charireyes.ParstagramOneUITests;
				PRODUCT_NAME = "$(TARGET_NAME)";
				SWIFT_EMIT_LOC_STRINGS = NO;
				SWIFT_VERSION = 5.0;
				TARGETED_DEVICE_FAMILY = "1,2";
				TEST_TARGET_NAME = ParstagramOne;
			};
			name = Debug;
		};
		040B713528F5173D004932D2 /* Release */ = {
			isa = XCBuildConfiguration;
			baseConfigurationReference = 89782FC972F5625249B4EA8F /* Pods-ParstagramOne-ParstagramOneUITests.release.xcconfig */;
			buildSettings = {
				ALWAYS_EMBED_SWIFT_STANDARD_LIBRARIES = YES;
				CODE_SIGN_STYLE = Automatic;
				CURRENT_PROJECT_VERSION = 1;
				DEVELOPMENT_TEAM = F7A353UGV2;
				GENERATE_INFOPLIST_FILE = YES;
				MARKETING_VERSION = 1.0;
				PRODUCT_BUNDLE_IDENTIFIER = com.charireyes.ParstagramOneUITests;
				PRODUCT_NAME = "$(TARGET_NAME)";
				SWIFT_EMIT_LOC_STRINGS = NO;
				SWIFT_VERSION = 5.0;
				TARGETED_DEVICE_FAMILY = "1,2";
				TEST_TARGET_NAME = ParstagramOne;
			};
			name = Release;
		};
/* End XCBuildConfiguration section */

/* Begin XCConfigurationList section */
		040B70FE28F5173B004932D2 /* Build configuration list for PBXProject "ParstagramOne" */ = {
			isa = XCConfigurationList;
			buildConfigurations = (
				040B712B28F5173D004932D2 /* Debug */,
				040B712C28F5173D004932D2 /* Release */,
			);
			defaultConfigurationIsVisible = 0;
			defaultConfigurationName = Release;
		};
		040B712D28F5173D004932D2 /* Build configuration list for PBXNativeTarget "ParstagramOne" */ = {
			isa = XCConfigurationList;
			buildConfigurations = (
				040B712E28F5173D004932D2 /* Debug */,
				040B712F28F5173D004932D2 /* Release */,
			);
			defaultConfigurationIsVisible = 0;
			defaultConfigurationName = Release;
		};
		040B713028F5173D004932D2 /* Build configuration list for PBXNativeTarget "ParstagramOneTests" */ = {
			isa = XCConfigurationList;
			buildConfigurations = (
				040B713128F5173D004932D2 /* Debug */,
				040B713228F5173D004932D2 /* Release */,
			);
			defaultConfigurationIsVisible = 0;
			defaultConfigurationName = Release;
		};
		040B713328F5173D004932D2 /* Build configuration list for PBXNativeTarget "ParstagramOneUITests" */ = {
			isa = XCConfigurationList;
			buildConfigurations = (
				040B713428F5173D004932D2 /* Debug */,
				040B713528F5173D004932D2 /* Release */,
			);
			defaultConfigurationIsVisible = 0;
			defaultConfigurationName = Release;
		};
/* End XCConfigurationList section */
	};
	rootObject = 040B70FB28F5173B004932D2 /* Project object */;
}
